# Generated by pub
# See https://dart.dev/tools/pub/glossary#lockfile
packages:
  aim_core:
    dependency: transitive
    description:
      name: aim_core
      sha256: "244e3dc90ae974aa47ec873aace2547955ef7b2cd7bbec89038c3d7f090d34f8"
      url: "https://pub.dev"
    source: hosted
    version: "0.4.0"
  aim_server:
    dependency: "direct main"
    description:
      path: "../../../packages/aim_server"
      relative: true
    source: path
    version: "0.4.0"
  lints:
    dependency: "direct dev"
    description:
      name: lints
      sha256: "12f842a479589fea194fe5c5a3095abc7be0c1f2ddfa9a0e76aed1dbd26a87df"
      url: "https://pub.dev"
    source: hosted
    version: "6.1.0"
sdks:
  dart: ">=3.13.0 <4.0.0"
